
Microsoft Visual Studio Solution File, Format Version 12.00
# Visual Studio Version 17
VisualStudioVersion = 17.8.34525.116
MinimumVisualStudioVersion = 10.0.40219.1
Project("{FAE04EC0-301F-11D3-BF4B-00C04F79EFBC}") = "HangmanServer", "HangmanServer\HangmanServer.csproj", "{B56BBB6B-A048-4769-9F94-06DD41F34C92}"
EndProject
Global
	GlobalSection(SolutionConfigurationPlatforms) = preSolution
		Debug|Any CPU = Debug|Any CPU
		Release|Any CPU = Release|Any CPU
	EndGlobalSection
	GlobalSection(ProjectConfigurationPlatforms) = postSolution
		{B56BBB6B-A048-4769-9F94-06DD41F34C92}.Debug|Any CPU.ActiveCfg = Debug|Any CPU
		{B56BBB6B-A048-4769-9F94-06DD41F34C92}.Debug|Any CPU.Build.0 = Debug|Any CPU
		{B56BBB6B-A048-4769-9F94-06DD41F34C92}.Release|Any CPU.ActiveCfg = Release|Any CPU
		{B56BBB6B-A048-4769-9F94-06DD41F34C92}.Release|Any CPU.Build.0 = Release|Any CPU
	EndGlobalSection
	GlobalSection(SolutionProperties) = preSolution
		HideSolutionNode = FALSE
	EndGlobalSection
	GlobalSection(ExtensibilityGlobals) = postSolution
		SolutionGuid = {019A1B07-3353-4DFB-8545-D82B990489A0}
	EndGlobalSection
EndGlobal
