
Microsoft Visual Studio Solution File, Format Version 12.00
# Visual Studio Version 16
VisualStudioVersion = 25.0.1706.9
MinimumVisualStudioVersion = 10.0.40219.1
Project("{FAE04EC0-301F-11D3-BF4B-00C04F79EFBC}") = "HangmanServer", "HangmanServer.csproj", "{3696475F-02FE-4554-86AC-CA55DAF51624}"
EndProject
Global
	GlobalSection(SolutionConfigurationPlatforms) = preSolution
		Debug|Any CPU = Debug|Any CPU
		Release|Any CPU = Release|Any CPU
	EndGlobalSection
	GlobalSection(ProjectConfigurationPlatforms) = postSolution
		{3696475F-02FE-4554-86AC-CA55DAF51624}.Debug|Any CPU.ActiveCfg = Debug|Any CPU
		{3696475F-02FE-4554-86AC-CA55DAF51624}.Debug|Any CPU.Build.0 = Debug|Any CPU
		{3696475F-02FE-4554-86AC-CA55DAF51624}.Release|Any CPU.ActiveCfg = Release|Any CPU
		{3696475F-02FE-4554-86AC-CA55DAF51624}.Release|Any CPU.Build.0 = Release|Any CPU
	EndGlobalSection
	GlobalSection(SolutionProperties) = preSolution
		HideSolutionNode = FALSE
	EndGlobalSection
	GlobalSection(ExtensibilityGlobals) = postSolution
		SolutionGuid = {0220EA35-15D0-4A56-90D1-C7F913226E00}
	EndGlobalSection
EndGlobal
